// !$*UTF8*$!
{
	archiveVersion = 1;
	classes = {
	};
	objectVersion = 54;
	objects = {

/* Begin PBXBuildFile section */
		1EE2F400257D95D4003F2DDD /* SwiftyJSON in Frameworks */ = {isa = PBXBuildFile; productRef = 1EE2F3FF257D95D4003F2DDD /* SwiftyJSON */; };
		817BD2371BE343B700ECB8E2 /* AppDelegate.swift in Sources */ = {isa = PBXBuildFile; fileRef = 817BD2361BE343B700ECB8E2 /* AppDelegate.swift */; };
		817BD2391BE343B700ECB8E2 /* ViewController.swift in Sources */ = {isa = PBXBuildFile; fileRef = 817BD2381BE343B700ECB8E2 /* ViewController.swift */; };
		817BD23C1BE343B700ECB8E2 /* Main.storyboard in Resources */ = {isa = PBXBuildFile; fileRef = 817BD23A1BE343B700ECB8E2 /* Main.storyboard */; };
		817BD23E1BE343B700ECB8E2 /* Assets.xcassets in Resources */ = {isa = PBXBuildFile; fileRef = 817BD23D1BE343B700ECB8E2 /* Assets.xcassets */; };
		817BD2411BE343B700ECB8E2 /* LaunchScreen.storyboard in Resources */ = {isa = PBXBuildFile; fileRef = 817BD23F1BE343B700ECB8E2 /* LaunchScreen.storyboard */; };
		817BD24A1BE3444E00ECB8E2 /* data.json in Resources */ = {isa = PBXBuildFile; fileRef = 817BD2491BE3444E00ECB8E2 /* data.json */; };
/* End PBXBuildFile section */

/* Begin PBXFileReference section */
		817BD2331BE343B700ECB8E2 /* JSONUsingSwiftyJSON.app */ = {isa = PBXFileReference; explicitFileType = wrapper.application; includeInIndex = 0; path = JSONUsingSwiftyJSON.app; sourceTree = BUILT_PRODUCTS_DIR; };
		817BD2361BE343B700ECB8E2 /* AppDelegate.swift */ = {isa = PBXFileReference; lastKnownFileType = sourcecode.swift; path = AppDelegate.swift; sourceTree = "<group>"; };
		817BD2381BE343B700ECB8E2 /* ViewController.swift */ = {isa = PBXFileReference; lastKnownFileType = sourcecode.swift; path = ViewController.swift; sourceTree = "<group>"; };
		817BD23B1BE343B700ECB8E2 /* Base */ = {isa = PBXFileReference; lastKnownFileType = file.storyboard; name = Base; path = Base.lproj/Main.storyboard; sourceTree = "<group>"; };
		817BD23D1BE343B700ECB8E2 /* Assets.xcassets */ = {isa = PBXFileReference; lastKnownFileType = folder.assetcatalog; path = Assets.xcassets; sourceTree = "<group>"; };
		817BD2401BE343B700ECB8E2 /* Base */ = {isa = PBXFileReference; lastKnownFileType = file.storyboard; name = Base; path = Base.lproj/LaunchScreen.storyboard; sourceTree = "<group>"; };
		817BD2421BE343B700ECB8E2 /* Info.plist */ = {isa = PBXFileReference; lastKnownFileType = text.plist.xml; path = Info.plist; sourceTree = "<group>"; };
		817BD2491BE3444E00ECB8E2 /* data.json */ = {isa = PBXFileReference; fileEncoding = 4; lastKnownFileType = text.json; path = data.json; sourceTree = "<group>"; };
		817BD24B1BE344AC00ECB8E2 /* SwiftyJSON.framework */ = {isa = PBXFileReference; lastKnownFileType = wrapper.framework; name = SwiftyJSON.framework; path = Carthage/Build/iOS/SwiftyJSON.framework; sourceTree = "<group>"; };
		817BD24E1BE349FE00ECB8E2 /* README.md */ = {isa = PBXFileReference; lastKnownFileType = net.daringfireball.markdown; path = README.md; sourceTree = "<group>"; };
/* End PBXFileReference section */

/* Begin PBXFrameworksBuildPhase section */
		817BD2301BE343B700ECB8E2 /* Frameworks */ = {
			isa = PBXFrameworksBuildPhase;
			buildActionMask = 2147483647;
			files = (
				1EE2F400257D95D4003F2DDD /* SwiftyJSON in Frameworks */,
			);
			runOnlyForDeploymentPostprocessing = 0;
		};
/* End PBXFrameworksBuildPhase section */

/* Begin PBXGroup section */
		817BD22A1BE343B700ECB8E2 = {
			isa = PBXGroup;
			children = (
				817BD24E1BE349FE00ECB8E2 /* README.md */,
				817BD2351BE343B700ECB8E2 /* JSONUsingSwiftyJSON */,
				817BD24F1BE34AD800ECB8E2 /* Frameworks */,
				817BD2341BE343B700ECB8E2 /* Products */,
			);
			sourceTree = "<group>";
		};
		817BD2341BE343B700ECB8E2 /* Products */ = {
			isa = PBXGroup;
			children = (
				817BD2331BE343B700ECB8E2 /* JSONUsingSwiftyJSON.app */,
			);
			name = Products;
			sourceTree = "<group>";
		};
		817BD2351BE343B700ECB8E2 /* JSONUsingSwiftyJSON */ = {
			isa = PBXGroup;
			children = (
				817BD2491BE3444E00ECB8E2 /* data.json */,
				817BD2361BE343B700ECB8E2 /* AppDelegate.swift */,
				817BD2381BE343B700ECB8E2 /* ViewController.swift */,
				817BD23A1BE343B700ECB8E2 /* Main.storyboard */,
				817BD23D1BE343B700ECB8E2 /* Assets.xcassets */,
				817BD23F1BE343B700ECB8E2 /* LaunchScreen.storyboard */,
				817BD2421BE343B700ECB8E2 /* Info.plist */,
			);
			path = JSONUsingSwiftyJSON;
			sourceTree = "<group>";
		};
		817BD24F1BE34AD800ECB8E2 /* Frameworks */ = {
			isa = PBXGroup;
			children = (
				817BD24B1BE344AC00ECB8E2 /* SwiftyJSON.framework */,
			);
			name = Frameworks;
			sourceTree = "<group>";
		};
/* End PBXGroup section */

/* Begin PBXNativeTarget section */
		817BD2321BE343B700ECB8E2 /* JSONUsingSwiftyJSON */ = {
			isa = PBXNativeTarget;
			buildConfigurationList = 817BD2451BE343B700ECB8E2 /* Build configuration list for PBXNativeTarget "JSONUsingSwiftyJSON" */;
			buildPhases = (
				817BD22F1BE343B700ECB8E2 /* Sources */,
				817BD2301BE343B700ECB8E2 /* Frameworks */,
				817BD2311BE343B700ECB8E2 /* Resources */,
			);
			buildRules = (
			);
			dependencies = (
			);
			name = JSONUsingSwiftyJSON;
			packageProductDependencies = (
				1EE2F3FF257D95D4003F2DDD /* SwiftyJSON */,
			);
			productName = JSONUsingSwiftyJSON;
			productReference = 817BD2331BE343B700ECB8E2 /* JSONUsingSwiftyJSON.app */;
			productType = "com.apple.product-type.application";
		};
/* End PBXNativeTarget section */

/* Begin PBXProject section */
		817BD22B1BE343B700ECB8E2 /* Project object */ = {
			isa = PBXProject;
			attributes = {
				LastSwiftUpdateCheck = 0710;
				LastUpgradeCheck = 1220;
				ORGANIZATIONNAME = "";
				TargetAttributes = {
					817BD2321BE343B700ECB8E2 = {
						CreatedOnToolsVersion = 7.1;
						LastSwiftMigration = 0820;
					};
				};
			};
			buildConfigurationList = 817BD22E1BE343B700ECB8E2 /* Build configuration list for PBXProject "JSONUsingSwiftyJSON" */;
			compatibilityVersion = "Xcode 12.0";
			developmentRegion = en;
			hasScannedForEncodings = 0;
			knownRegions = (
				en,
				Base,
			);
			mainGroup = 817BD22A1BE343B700ECB8E2;
			packageReferences = (
				1EE2F3FE257D95D4003F2DDD /* XCRemoteSwiftPackageReference "SwiftyJSON" */,
			);
			productRefGroup = 817BD2341BE343B700ECB8E2 /* Products */;
			projectDirPath = "";
			projectRoot = "";
			targets = (
				817BD2321BE343B700ECB8E2 /* JSONUsingSwiftyJSON */,
			);
		};
/* End PBXProject section */

/* Begin PBXResourcesBuildPhase section */
		817BD2311BE343B700ECB8E2 /* Resources */ = {
			isa = PBXResourcesBuildPhase;
			buildActionMask = 2147483647;
			files = (
				817BD2411BE343B700ECB8E2 /* LaunchScreen.storyboard in Resources */,
				817BD23E1BE343B700ECB8E2 /* Assets.xcassets in Resources */,
				817BD23C1BE343B700ECB8E2 /* Main.storyboard in Resources */,
				817BD24A1BE3444E00ECB8E2 /* data.json in Resources */,
			);
			runOnlyForDeploymentPostprocessing = 0;
		};
/* End PBXResourcesBuildPhase section */

/* Begin PBXSourcesBuildPhase section */
		817BD22F1BE343B700ECB8E2 /* Sources */ = {
			isa = PBXSourcesBuildPhase;
			buildActionMask = 2147483647;
			files = (
				817BD2391BE343B700ECB8E2 /* ViewController.swift in Sources */,
				817BD2371BE343B700ECB8E2 /* AppDelegate.swift in Sources */,
			);
			runOnlyForDeploymentPostprocessing = 0;
		};
/* End PBXSourcesBuildPhase section */

/* Begin PBXVariantGroup section */
		817BD23A1BE343B700ECB8E2 /* Main.storyboard */ = {
			isa = PBXVariantGroup;
			children = (
				817BD23B1BE343B700ECB8E2 /* Base */,
			);
			name = Main.storyboard;
			sourceTree = "<group>";
		};
		817BD23F1BE343B700ECB8E2 /* LaunchScreen.storyboard */ = {
			isa = PBXVariantGroup;
			children = (
				817BD2401BE343B700ECB8E2 /* Base */,
			);
			name = LaunchScreen.storyboard;
			sourceTree = "<group>";
		};
/* End PBXVariantGroup section */

/* Begin XCBuildConfiguration section */
		817BD2431BE343B700ECB8E2 /* Debug */ = {
			isa = XCBuildConfiguration;
			buildSettings = {
				ALWAYS_SEARCH_USER_PATHS = NO;
				CLANG_ANALYZER_LOCALIZABILITY_NONLOCALIZED = YES;
				CLANG_CXX_LANGUAGE_STANDARD = "gnu++0x";
				CLANG_CXX_LIBRARY = "libc++";
				CLANG_ENABLE_MODULES = YES;
				CLANG_ENABLE_OBJC_ARC = YES;
				CLANG_WARN_BLOCK_CAPTURE_AUTORELEASING = YES;
				CLANG_WARN_BOOL_CONVERSION = YES;
				CLANG_WARN_COMMA = YES;
				CLANG_WARN_CONSTANT_CONVERSION = YES;
				CLANG_WARN_DEPRECATED_OBJC_IMPLEMENTATIONS = YES;
				CLANG_WARN_DIRECT_OBJC_ISA_USAGE = YES_ERROR;
				CLANG_WARN_EMPTY_BODY = YES;
				CLANG_WARN_ENUM_CONVERSION = YES;
				CLANG_WARN_INFINITE_RECURSION = YES;
				CLANG_WARN_INT_CONVERSION = YES;
				CLANG_WARN_NON_LITERAL_NULL_CONVERSION = YES;
				CLANG_WARN_OBJC_IMPLICIT_RETAIN_SELF = YES;
				CLANG_WARN_OBJC_LITERAL_CONVERSION = YES;
				CLANG_WARN_OBJC_ROOT_CLASS = YES_ERROR;
				CLANG_WARN_QUOTED_INCLUDE_IN_FRAMEWORK_HEADER = YES;
				CLANG_WARN_RANGE_LOOP_ANALYSIS = YES;
				CLANG_WARN_STRICT_PROTOTYPES = YES;
				CLANG_WARN_SUSPICIOUS_MOVE = YES;
				CLANG_WARN_UNREACHABLE_CODE = YES;
				CLANG_WARN__DUPLICATE_METHOD_MATCH = YES;
				"CODE_SIGN_IDENTITY[sdk=iphoneos*]" = "iPhone Developer";
				COPY_PHASE_STRIP = NO;
				DEBUG_INFORMATION_FORMAT = dwarf;
				ENABLE_STRICT_OBJC_MSGSEND = YES;
				ENABLE_TESTABILITY = YES;
				GCC_C_LANGUAGE_STANDARD = gnu99;
				GCC_DYNAMIC_NO_PIC = NO;
				GCC_NO_COMMON_BLOCKS = YES;
				GCC_OPTIMIZATION_LEVEL = 0;
				GCC_PREPROCESSOR_DEFINITIONS = (
					"DEBUG=1",
					"$(inherited)",
				);
				GCC_WARN_64_TO_32_BIT_CONVERSION = YES;
				GCC_WARN_ABOUT_RETURN_TYPE = YES_ERROR;
				GCC_WARN_UNDECLARED_SELECTOR = YES;
				GCC_WARN_UNINITIALIZED_AUTOS = YES_AGGRESSIVE;
				GCC_WARN_UNUSED_FUNCTION = YES;
				GCC_WARN_UNUSED_VARIABLE = YES;
				IPHONEOS_DEPLOYMENT_TARGET = 14.2;
				MTL_ENABLE_DEBUG_INFO = YES;
				ONLY_ACTIVE_ARCH = YES;
				SDKROOT = iphoneos;
				SWIFT_OPTIMIZATION_LEVEL = "-Onone";
				TARGETED_DEVICE_FAMILY = "1,2";
			};
			name = Debug;
		};
		817BD2441BE343B700ECB8E2 /* Release */ = {
			isa = XCBuildConfiguration;
			buildSettings = {
				ALWAYS_SEARCH_USER_PATHS = NO;
				CLANG_ANALYZER_LOCALIZABILITY_NONLOCALIZED = YES;
				CLANG_CXX_LANGUAGE_STANDARD = "gnu++0x";
				CLANG_CXX_LIBRARY = "libc++";
				CLANG_ENABLE_MODULES = YES;
				CLANG_ENABLE_OBJC_ARC = YES;
				CLANG_WARN_BLOCK_CAPTURE_AUTORELEASING = YES;
				CLANG_WARN_BOOL_CONVERSION = YES;
				CLANG_WARN_COMMA = YES;
				CLANG_WARN_CONSTANT_CONVERSION = YES;
				CLANG_WARN_DEPRECATED_OBJC_IMPLEMENTATIONS = YES;
				CLANG_WARN_DIRECT_OBJC_ISA_USAGE = YES_ERROR;
				CLANG_WARN_EMPTY_BODY = YES;
				CLANG_WARN_ENUM_CONVERSION = YES;
				CLANG_WARN_INFINITE_RECURSION = YES;
				CLANG_WARN_INT_CONVERSION = YES;
				CLANG_WARN_NON_LITERAL_NULL_CONVERSION = YES;
				CLANG_WARN_OBJC_IMPLICIT_RETAIN_SELF = YES;
				CLANG_WARN_OBJC_LITERAL_CONVERSION = YES;
				CLANG_WARN_OBJC_ROOT_CLASS = YES_ERROR;
				CLANG_WARN_QUOTED_INCLUDE_IN_FRAMEWORK_HEADER = YES;
				CLANG_WARN_RANGE_LOOP_ANALYSIS = YES;
				CLANG_WARN_STRICT_PROTOTYPES = YES;
				CLANG_WARN_SUSPICIOUS_MOVE = YES;
				CLANG_WARN_UNREACHABLE_CODE = YES;
				CLANG_WARN__DUPLICATE_METHOD_MATCH = YES;
				"CODE_SIGN_IDENTITY[sdk=iphoneos*]" = "iPhone Developer";
				COPY_PHASE_STRIP = NO;
				DEBUG_INFORMATION_FORMAT = "dwarf-with-dsym";
				ENABLE_NS_ASSERTIONS = NO;
				ENABLE_STRICT_OBJC_MSGSEND = YES;
				GCC_C_LANGUAGE_STANDARD = gnu99;
				GCC_NO_COMMON_BLOCKS = YES;
				GCC_WARN_64_TO_32_BIT_CONVERSION = YES;
				GCC_WARN_ABOUT_RETURN_TYPE = YES_ERROR;
				GCC_WARN_UNDECLARED_SELECTOR = YES;
				GCC_WARN_UNINITIALIZED_AUTOS = YES_AGGRESSIVE;
				GCC_WARN_UNUSED_FUNCTION = YES;
				GCC_WARN_UNUSED_VARIABLE = YES;
				IPHONEOS_DEPLOYMENT_TARGET = 14.2;
				MTL_ENABLE_DEBUG_INFO = NO;
				SDKROOT = iphoneos;
				SWIFT_COMPILATION_MODE = wholemodule;
				SWIFT_OPTIMIZATION_LEVEL = "-O";
				TARGETED_DEVICE_FAMILY = "1,2";
				VALIDATE_PRODUCT = YES;
			};
			name = Release;
		};
		817BD2461BE343B700ECB8E2 /* Debug */ = {
			isa = XCBuildConfiguration;
			buildSettings = {
				ASSETCATALOG_COMPILER_APPICON_NAME = AppIcon;
				FRAMEWORK_SEARCH_PATHS = (
					"$(inherited)",
					"$(PROJECT_DIR)/Carthage/Build/iOS",
				);
				INFOPLIST_FILE = JSONUsingSwiftyJSON/Info.plist;
				LD_RUNPATH_SEARCH_PATHS = (
					"$(inherited)",
					"@executable_path/Frameworks",
				);
				PRODUCT_BUNDLE_IDENTIFIER = com.jasonsturges.labs.JSONUsingSwiftyJSON;
				PRODUCT_NAME = "$(TARGET_NAME)";
				SWIFT_VERSION = 5.0;
			};
			name = Debug;
		};
		817BD2471BE343B700ECB8E2 /* Release */ = {
			isa = XCBuildConfiguration;
			buildSettings = {
				ASSETCATALOG_COMPILER_APPICON_NAME = AppIcon;
				FRAMEWORK_SEARCH_PATHS = (
					"$(inherited)",
					"$(PROJECT_DIR)/Carthage/Build/iOS",
				);
				INFOPLIST_FILE = JSONUsingSwiftyJSON/Info.plist;
				LD_RUNPATH_SEARCH_PATHS = (
					"$(inherited)",
					"@executable_path/Frameworks",
				);
				PRODUCT_BUNDLE_IDENTIFIER = com.jasonsturges.labs.JSONUsingSwiftyJSON;
				PRODUCT_NAME = "$(TARGET_NAME)";
				SWIFT_VERSION = 5.0;
			};
			name = Release;
		};
/* End XCBuildConfiguration section */

/* Begin XCConfigurationList section */
		817BD22E1BE343B700ECB8E2 /* Build configuration list for PBXProject "JSONUsingSwiftyJSON" */ = {
			isa = XCConfigurationList;
			buildConfigurations = (
				817BD2431BE343B700ECB8E2 /* Debug */,
				817BD2441BE343B700ECB8E2 /* Release */,
			);
			defaultConfigurationIsVisible = 0;
			defaultConfigurationName = Release;
		};
		817BD2451BE343B700ECB8E2 /* Build configuration list for PBXNativeTarget "JSONUsingSwiftyJSON" */ = {
			isa = XCConfigurationList;
			buildConfigurations = (
				817BD2461BE343B700ECB8E2 /* Debug */,
				817BD2471BE343B700ECB8E2 /* Release */,
			);
			defaultConfigurationIsVisible = 0;
			defaultConfigurationName = Release;
		};
/* End XCConfigurationList section */

/* Begin XCRemoteSwiftPackageReference section */
		1EE2F3FE257D95D4003F2DDD /* XCRemoteSwiftPackageReference "SwiftyJSON" */ = {
			isa = XCRemoteSwiftPackageReference;
			repositoryURL = "https://github.com/SwiftyJSON/SwiftyJSON";
			requirement = {
				kind = upToNextMajorVersion;
				minimumVersion = 5.0.0;
			};
		};
/* End XCRemoteSwiftPackageReference section */

/* Begin XCSwiftPackageProductDependency section */
		1EE2F3FF257D95D4003F2DDD /* SwiftyJSON */ = {
			isa = XCSwiftPackageProductDependency;
			package = 1EE2F3FE257D95D4003F2DDD /* XCRemoteSwiftPackageReference "SwiftyJSON" */;
			productName = SwiftyJSON;
		};
/* End XCSwiftPackageProductDependency section */
	};
	rootObject = 817BD22B1BE343B700ECB8E2 /* Project object */;
}
