// !$*UTF8*$!
{
	archiveVersion = 1;
	classes = {
	};
	objectVersion = 46;
	objects = {

/* Begin PBXBuildFile section */
		8182EC901E1D7A1F006CF64C /* AppDelegate.swift in Sources */ = {isa = PBXBuildFile; fileRef = 8182EC8F1E1D7A1F006CF64C /* AppDelegate.swift */; };
		8182EC921E1D7A1F006CF64C /* ViewController.swift in Sources */ = {isa = PBXBuildFile; fileRef = 8182EC911E1D7A1F006CF64C /* ViewController.swift */; };
		8182EC941E1D7A1F006CF64C /* Assets.xcassets in Resources */ = {isa = PBXBuildFile; fileRef = 8182EC931E1D7A1F006CF64C /* Assets.xcassets */; };
		8182EC971E1D7A1F006CF64C /* Main.storyboard in Resources */ = {isa = PBXBuildFile; fileRef = 8182EC951E1D7A1F006CF64C /* Main.storyboard */; };
/* End PBXBuildFile section */

/* Begin PBXFileReference section */
		8182EC8C1E1D7A1F006CF64C /* MustacheTemplate.app */ = {isa = PBXFileReference; explicitFileType = wrapper.application; includeInIndex = 0; path = MustacheTemplate.app; sourceTree = BUILT_PRODUCTS_DIR; };
		8182EC8F1E1D7A1F006CF64C /* AppDelegate.swift */ = {isa = PBXFileReference; lastKnownFileType = sourcecode.swift; path = AppDelegate.swift; sourceTree = "<group>"; };
		8182EC911E1D7A1F006CF64C /* ViewController.swift */ = {isa = PBXFileReference; lastKnownFileType = sourcecode.swift; path = ViewController.swift; sourceTree = "<group>"; };
		8182EC931E1D7A1F006CF64C /* Assets.xcassets */ = {isa = PBXFileReference; lastKnownFileType = folder.assetcatalog; path = Assets.xcassets; sourceTree = "<group>"; };
		8182EC961E1D7A1F006CF64C /* Base */ = {isa = PBXFileReference; lastKnownFileType = file.storyboard; name = Base; path = Base.lproj/Main.storyboard; sourceTree = "<group>"; };
		8182EC981E1D7A1F006CF64C /* Info.plist */ = {isa = PBXFileReference; lastKnownFileType = text.plist.xml; path = Info.plist; sourceTree = "<group>"; };
/* End PBXFileReference section */

/* Begin PBXFrameworksBuildPhase section */
		8182EC891E1D7A1F006CF64C /* Frameworks */ = {
			isa = PBXFrameworksBuildPhase;
			buildActionMask = 2147483647;
			files = (
			);
			runOnlyForDeploymentPostprocessing = 0;
		};
/* End PBXFrameworksBuildPhase section */

/* Begin PBXGroup section */
		8182EC831E1D7A1F006CF64C = {
			isa = PBXGroup;
			children = (
				8182EC8E1E1D7A1F006CF64C /* MustacheTemplate */,
				8182EC8D1E1D7A1F006CF64C /* Products */,
			);
			sourceTree = "<group>";
		};
		8182EC8D1E1D7A1F006CF64C /* Products */ = {
			isa = PBXGroup;
			children = (
				8182EC8C1E1D7A1F006CF64C /* MustacheTemplate.app */,
			);
			name = Products;
			sourceTree = "<group>";
		};
		8182EC8E1E1D7A1F006CF64C /* MustacheTemplate */ = {
			isa = PBXGroup;
			children = (
				8182EC8F1E1D7A1F006CF64C /* AppDelegate.swift */,
				8182EC911E1D7A1F006CF64C /* ViewController.swift */,
				8182EC931E1D7A1F006CF64C /* Assets.xcassets */,
				8182EC951E1D7A1F006CF64C /* Main.storyboard */,
				8182EC981E1D7A1F006CF64C /* Info.plist */,
			);
			path = MustacheTemplate;
			sourceTree = "<group>";
		};
/* End PBXGroup section */

/* Begin PBXNativeTarget section */
		8182EC8B1E1D7A1F006CF64C /* MustacheTemplate */ = {
			isa = PBXNativeTarget;
			buildConfigurationList = 8182EC9B1E1D7A1F006CF64C /* Build configuration list for PBXNativeTarget "MustacheTemplate" */;
			buildPhases = (
				8182EC881E1D7A1F006CF64C /* Sources */,
				8182EC891E1D7A1F006CF64C /* Frameworks */,
				8182EC8A1E1D7A1F006CF64C /* Resources */,
			);
			buildRules = (
			);
			dependencies = (
			);
			name = MustacheTemplate;
			productName = MustacheTemplate;
			productReference = 8182EC8C1E1D7A1F006CF64C /* MustacheTemplate.app */;
			productType = "com.apple.product-type.application";
		};
/* End PBXNativeTarget section */

/* Begin PBXProject section */
		8182EC841E1D7A1F006CF64C /* Project object */ = {
			isa = PBXProject;
			attributes = {
				LastSwiftUpdateCheck = 0820;
				LastUpgradeCheck = 0820;
				ORGANIZATIONNAME = "Jason Sturges";
				TargetAttributes = {
					8182EC8B1E1D7A1F006CF64C = {
						CreatedOnToolsVersion = 8.2.1;
						ProvisioningStyle = Automatic;
					};
				};
			};
			buildConfigurationList = 8182EC871E1D7A1F006CF64C /* Build configuration list for PBXProject "MustacheTemplate" */;
			compatibilityVersion = "Xcode 3.2";
			developmentRegion = English;
			hasScannedForEncodings = 0;
			knownRegions = (
				en,
				Base,
			);
			mainGroup = 8182EC831E1D7A1F006CF64C;
			productRefGroup = 8182EC8D1E1D7A1F006CF64C /* Products */;
			projectDirPath = "";
			projectRoot = "";
			targets = (
				8182EC8B1E1D7A1F006CF64C /* MustacheTemplate */,
			);
		};
/* End PBXProject section */

/* Begin PBXResourcesBuildPhase section */
		8182EC8A1E1D7A1F006CF64C /* Resources */ = {
			isa = PBXResourcesBuildPhase;
			buildActionMask = 2147483647;
			files = (
				8182EC941E1D7A1F006CF64C /* Assets.xcassets in Resources */,
				8182EC971E1D7A1F006CF64C /* Main.storyboard in Resources */,
			);
			runOnlyForDeploymentPostprocessing = 0;
		};
/* End PBXResourcesBuildPhase section */

/* Begin PBXSourcesBuildPhase section */
		8182EC881E1D7A1F006CF64C /* Sources */ = {
			isa = PBXSourcesBuildPhase;
			buildActionMask = 2147483647;
			files = (
				8182EC921E1D7A1F006CF64C /* ViewController.swift in Sources */,
				8182EC901E1D7A1F006CF64C /* AppDelegate.swift in Sources */,
			);
			runOnlyForDeploymentPostprocessing = 0;
		};
/* End PBXSourcesBuildPhase section */

/* Begin PBXVariantGroup section */
		8182EC951E1D7A1F006CF64C /* Main.storyboard */ = {
			isa = PBXVariantGroup;
			children = (
				8182EC961E1D7A1F006CF64C /* Base */,
			);
			name = Main.storyboard;
			sourceTree = "<group>";
		};
/* End PBXVariantGroup section */

/* Begin XCBuildConfiguration section */
		8182EC991E1D7A1F006CF64C /* Debug */ = {
			isa = XCBuildConfiguration;
			buildSettings = {
				ALWAYS_SEARCH_USER_PATHS = NO;
				CLANG_ANALYZER_NONNULL = YES;
				CLANG_CXX_LANGUAGE_STANDARD = "gnu++0x";
				CLANG_CXX_LIBRARY = "libc++";
				CLANG_ENABLE_MODULES = YES;
				CLANG_ENABLE_OBJC_ARC = YES;
				CLANG_WARN_BOOL_CONVERSION = YES;
				CLANG_WARN_CONSTANT_CONVERSION = YES;
				CLANG_WARN_DIRECT_OBJC_ISA_USAGE = YES_ERROR;
				CLANG_WARN_DOCUMENTATION_COMMENTS = YES;
				CLANG_WARN_EMPTY_BODY = YES;
				CLANG_WARN_ENUM_CONVERSION = YES;
				CLANG_WARN_INFINITE_RECURSION = YES;
				CLANG_WARN_INT_CONVERSION = YES;
				CLANG_WARN_OBJC_ROOT_CLASS = YES_ERROR;
				CLANG_WARN_SUSPICIOUS_MOVE = YES;
				CLANG_WARN_UNREACHABLE_CODE = YES;
				CLANG_WARN__DUPLICATE_METHOD_MATCH = YES;
				CODE_SIGN_IDENTITY = "-";
				COPY_PHASE_STRIP = NO;
				DEBUG_INFORMATION_FORMAT = dwarf;
				ENABLE_STRICT_OBJC_MSGSEND = YES;
				ENABLE_TESTABILITY = YES;
				GCC_C_LANGUAGE_STANDARD = gnu99;
				GCC_DYNAMIC_NO_PIC = NO;
				GCC_NO_COMMON_BLOCKS = YES;
				GCC_OPTIMIZATION_LEVEL = 0;
				GCC_PREPROCESSOR_DEFINITIONS = (
					"DEBUG=1",
					"$(inherited)",
				);
				GCC_WARN_64_TO_32_BIT_CONVERSION = YES;
				GCC_WARN_ABOUT_RETURN_TYPE = YES_ERROR;
				GCC_WARN_UNDECLARED_SELECTOR = YES;
				GCC_WARN_UNINITIALIZED_AUTOS = YES_AGGRESSIVE;
				GCC_WARN_UNUSED_FUNCTION = YES;
				GCC_WARN_UNUSED_VARIABLE = YES;
				MACOSX_DEPLOYMENT_TARGET = 10.11;
				MTL_ENABLE_DEBUG_INFO = YES;
				ONLY_ACTIVE_ARCH = YES;
				SDKROOT = macosx;
				SWIFT_ACTIVE_COMPILATION_CONDITIONS = DEBUG;
				SWIFT_OPTIMIZATION_LEVEL = "-Onone";
			};
			name = Debug;
		};
		8182EC9A1E1D7A1F006CF64C /* Release */ = {
			isa = XCBuildConfiguration;
			buildSettings = {
				ALWAYS_SEARCH_USER_PATHS = NO;
				CLANG_ANALYZER_NONNULL = YES;
				CLANG_CXX_LANGUAGE_STANDARD = "gnu++0x";
				CLANG_CXX_LIBRARY = "libc++";
				CLANG_ENABLE_MODULES = YES;
				CLANG_ENABLE_OBJC_ARC = YES;
				CLANG_WARN_BOOL_CONVERSION = YES;
				CLANG_WARN_CONSTANT_CONVERSION = YES;
				CLANG_WARN_DIRECT_OBJC_ISA_USAGE = YES_ERROR;
				CLANG_WARN_DOCUMENTATION_COMMENTS = YES;
				CLANG_WARN_EMPTY_BODY = YES;
				CLANG_WARN_ENUM_CONVERSION = YES;
				CLANG_WARN_INFINITE_RECURSION = YES;
				CLANG_WARN_INT_CONVERSION = YES;
				CLANG_WARN_OBJC_ROOT_CLASS = YES_ERROR;
				CLANG_WARN_SUSPICIOUS_MOVE = YES;
				CLANG_WARN_UNREACHABLE_CODE = YES;
				CLANG_WARN__DUPLICATE_METHOD_MATCH = YES;
				CODE_SIGN_IDENTITY = "-";
				COPY_PHASE_STRIP = NO;
				DEBUG_INFORMATION_FORMAT = "dwarf-with-dsym";
				ENABLE_NS_ASSERTIONS = NO;
				ENABLE_STRICT_OBJC_MSGSEND = YES;
				GCC_C_LANGUAGE_STANDARD = gnu99;
				GCC_NO_COMMON_BLOCKS = YES;
				GCC_WARN_64_TO_32_BIT_CONVERSION = YES;
				GCC_WARN_ABOUT_RETURN_TYPE = YES_ERROR;
				GCC_WARN_UNDECLARED_SELECTOR = YES;
				GCC_WARN_UNINITIALIZED_AUTOS = YES_AGGRESSIVE;
				GCC_WARN_UNUSED_FUNCTION = YES;
				GCC_WARN_UNUSED_VARIABLE = YES;
				MACOSX_DEPLOYMENT_TARGET = 10.11;
				MTL_ENABLE_DEBUG_INFO = NO;
				SDKROOT = macosx;
				SWIFT_OPTIMIZATION_LEVEL = "-Owholemodule";
			};
			name = Release;
		};
		8182EC9C1E1D7A1F006CF64C /* Debug */ = {
			isa = XCBuildConfiguration;
			buildSettings = {
				ASSETCATALOG_COMPILER_APPICON_NAME = AppIcon;
				COMBINE_HIDPI_IMAGES = YES;
				INFOPLIST_FILE = MustacheTemplate/Info.plist;
				LD_RUNPATH_SEARCH_PATHS = "$(inherited) @executable_path/../Frameworks";
				PRODUCT_BUNDLE_IDENTIFIER = com.jasonsturges.labs.MustacheTemplate;
				PRODUCT_NAME = "$(TARGET_NAME)";
				SWIFT_VERSION = 3.0;
			};
			name = Debug;
		};
		8182EC9D1E1D7A1F006CF64C /* Release */ = {
			isa = XCBuildConfiguration;
			buildSettings = {
				ASSETCATALOG_COMPILER_APPICON_NAME = AppIcon;
				COMBINE_HIDPI_IMAGES = YES;
				INFOPLIST_FILE = MustacheTemplate/Info.plist;
				LD_RUNPATH_SEARCH_PATHS = "$(inherited) @executable_path/../Frameworks";
				PRODUCT_BUNDLE_IDENTIFIER = com.jasonsturges.labs.MustacheTemplate;
				PRODUCT_NAME = "$(TARGET_NAME)";
				SWIFT_VERSION = 3.0;
			};
			name = Release;
		};
/* End XCBuildConfiguration section */

/* Begin XCConfigurationList section */
		8182EC871E1D7A1F006CF64C /* Build configuration list for PBXProject "MustacheTemplate" */ = {
			isa = XCConfigurationList;
			buildConfigurations = (
				8182EC991E1D7A1F006CF64C /* Debug */,
				8182EC9A1E1D7A1F006CF64C /* Release */,
			);
			defaultConfigurationIsVisible = 0;
			defaultConfigurationName = Release;
		};
		8182EC9B1E1D7A1F006CF64C /* Build configuration list for PBXNativeTarget "MustacheTemplate" */ = {
			isa = XCConfigurationList;
			buildConfigurations = (
				8182EC9C1E1D7A1F006CF64C /* Debug */,
				8182EC9D1E1D7A1F006CF64C /* Release */,
			);
			defaultConfigurationIsVisible = 0;
		};
/* End XCConfigurationList section */
	};
	rootObject = 8182EC841E1D7A1F006CF64C /* Project object */;
}
