// !$*UTF8*$!
{
	archiveVersion = 1;
	classes = {
	};
	objectVersion = 54;
	objects = {

/* Begin PBXBuildFile section */
		81818AAA1D300FC9004A882B /* AppDelegate.swift in Sources */ = {isa = PBXBuildFile; fileRef = 81818AA91D300FC9004A882B /* AppDelegate.swift */; };
		81818AAC1D300FC9004A882B /* ViewController.swift in Sources */ = {isa = PBXBuildFile; fileRef = 81818AAB1D300FC9004A882B /* ViewController.swift */; };
		81818AAE1D300FC9004A882B /* Assets.xcassets in Resources */ = {isa = PBXBuildFile; fileRef = 81818AAD1D300FC9004A882B /* Assets.xcassets */; };
		81818AB11D300FC9004A882B /* Main.storyboard in Resources */ = {isa = PBXBuildFile; fileRef = 81818AAF1D300FC9004A882B /* Main.storyboard */; };
		81818AB91D3010AF004A882B /* DropImageView.swift in Sources */ = {isa = PBXBuildFile; fileRef = 81818AB81D3010AF004A882B /* DropImageView.swift */; };
/* End PBXBuildFile section */

/* Begin PBXFileReference section */
		81818AA61D300FC9004A882B /* DragAndDrop.app */ = {isa = PBXFileReference; explicitFileType = wrapper.application; includeInIndex = 0; path = DragAndDrop.app; sourceTree = BUILT_PRODUCTS_DIR; };
		81818AA91D300FC9004A882B /* AppDelegate.swift */ = {isa = PBXFileReference; lastKnownFileType = sourcecode.swift; path = AppDelegate.swift; sourceTree = "<group>"; };
		81818AAB1D300FC9004A882B /* ViewController.swift */ = {isa = PBXFileReference; lastKnownFileType = sourcecode.swift; path = ViewController.swift; sourceTree = "<group>"; };
		81818AAD1D300FC9004A882B /* Assets.xcassets */ = {isa = PBXFileReference; lastKnownFileType = folder.assetcatalog; path = Assets.xcassets; sourceTree = "<group>"; };
		81818AB01D300FC9004A882B /* Base */ = {isa = PBXFileReference; lastKnownFileType = file.storyboard; name = Base; path = Base.lproj/Main.storyboard; sourceTree = "<group>"; };
		81818AB21D300FC9004A882B /* Info.plist */ = {isa = PBXFileReference; lastKnownFileType = text.plist.xml; path = Info.plist; sourceTree = "<group>"; };
		81818AB81D3010AF004A882B /* DropImageView.swift */ = {isa = PBXFileReference; fileEncoding = 4; lastKnownFileType = sourcecode.swift; path = DropImageView.swift; sourceTree = "<group>"; };
		81818AD51D3015AC004A882B /* README.md */ = {isa = PBXFileReference; fileEncoding = 4; lastKnownFileType = net.daringfireball.markdown; path = README.md; sourceTree = "<group>"; };
/* End PBXFileReference section */

/* Begin PBXFrameworksBuildPhase section */
		81818AA31D300FC9004A882B /* Frameworks */ = {
			isa = PBXFrameworksBuildPhase;
			buildActionMask = 2147483647;
			files = (
			);
			runOnlyForDeploymentPostprocessing = 0;
		};
/* End PBXFrameworksBuildPhase section */

/* Begin PBXGroup section */
		81818A9D1D300FC9004A882B = {
			isa = PBXGroup;
			children = (
				81818AD51D3015AC004A882B /* README.md */,
				81818AA81D300FC9004A882B /* DragAndDrop */,
				81818AA71D300FC9004A882B /* Products */,
			);
			sourceTree = "<group>";
		};
		81818AA71D300FC9004A882B /* Products */ = {
			isa = PBXGroup;
			children = (
				81818AA61D300FC9004A882B /* DragAndDrop.app */,
			);
			name = Products;
			sourceTree = "<group>";
		};
		81818AA81D300FC9004A882B /* DragAndDrop */ = {
			isa = PBXGroup;
			children = (
				81818AB81D3010AF004A882B /* DropImageView.swift */,
				81818AA91D300FC9004A882B /* AppDelegate.swift */,
				81818AAB1D300FC9004A882B /* ViewController.swift */,
				81818AAD1D300FC9004A882B /* Assets.xcassets */,
				81818AAF1D300FC9004A882B /* Main.storyboard */,
				81818AB21D300FC9004A882B /* Info.plist */,
			);
			path = DragAndDrop;
			sourceTree = "<group>";
		};
/* End PBXGroup section */

/* Begin PBXNativeTarget section */
		81818AA51D300FC9004A882B /* DragAndDrop */ = {
			isa = PBXNativeTarget;
			buildConfigurationList = 81818AB51D300FC9004A882B /* Build configuration list for PBXNativeTarget "DragAndDrop" */;
			buildPhases = (
				81818AA21D300FC9004A882B /* Sources */,
				81818AA31D300FC9004A882B /* Frameworks */,
				81818AA41D300FC9004A882B /* Resources */,
			);
			buildRules = (
			);
			dependencies = (
			);
			name = DragAndDrop;
			productName = DragAndDrop;
			productReference = 81818AA61D300FC9004A882B /* DragAndDrop.app */;
			productType = "com.apple.product-type.application";
		};
/* End PBXNativeTarget section */

/* Begin PBXProject section */
		81818A9E1D300FC9004A882B /* Project object */ = {
			isa = PBXProject;
			attributes = {
				LastSwiftUpdateCheck = 0730;
				LastUpgradeCheck = 0820;
				ORGANIZATIONNAME = "";
				TargetAttributes = {
					81818AA51D300FC9004A882B = {
						CreatedOnToolsVersion = 7.3;
						LastSwiftMigration = 0820;
					};
				};
			};
			buildConfigurationList = 81818AA11D300FC9004A882B /* Build configuration list for PBXProject "DragAndDrop" */;
			compatibilityVersion = "Xcode 12.0";
			developmentRegion = English;
			hasScannedForEncodings = 0;
			knownRegions = (
				English,
				en,
				Base,
			);
			mainGroup = 81818A9D1D300FC9004A882B;
			productRefGroup = 81818AA71D300FC9004A882B /* Products */;
			projectDirPath = "";
			projectRoot = "";
			targets = (
				81818AA51D300FC9004A882B /* DragAndDrop */,
			);
		};
/* End PBXProject section */

/* Begin PBXResourcesBuildPhase section */
		81818AA41D300FC9004A882B /* Resources */ = {
			isa = PBXResourcesBuildPhase;
			buildActionMask = 2147483647;
			files = (
				81818AAE1D300FC9004A882B /* Assets.xcassets in Resources */,
				81818AB11D300FC9004A882B /* Main.storyboard in Resources */,
			);
			runOnlyForDeploymentPostprocessing = 0;
		};
/* End PBXResourcesBuildPhase section */

/* Begin PBXSourcesBuildPhase section */
		81818AA21D300FC9004A882B /* Sources */ = {
			isa = PBXSourcesBuildPhase;
			buildActionMask = 2147483647;
			files = (
				81818AB91D3010AF004A882B /* DropImageView.swift in Sources */,
				81818AAC1D300FC9004A882B /* ViewController.swift in Sources */,
				81818AAA1D300FC9004A882B /* AppDelegate.swift in Sources */,
			);
			runOnlyForDeploymentPostprocessing = 0;
		};
/* End PBXSourcesBuildPhase section */

/* Begin PBXVariantGroup section */
		81818AAF1D300FC9004A882B /* Main.storyboard */ = {
			isa = PBXVariantGroup;
			children = (
				81818AB01D300FC9004A882B /* Base */,
			);
			name = Main.storyboard;
			sourceTree = "<group>";
		};
/* End PBXVariantGroup section */

/* Begin XCBuildConfiguration section */
		81818AB31D300FC9004A882B /* Debug */ = {
			isa = XCBuildConfiguration;
			buildSettings = {
				ALWAYS_SEARCH_USER_PATHS = NO;
				CLANG_ANALYZER_NONNULL = YES;
				CLANG_CXX_LANGUAGE_STANDARD = "gnu++0x";
				CLANG_CXX_LIBRARY = "libc++";
				CLANG_ENABLE_MODULES = YES;
				CLANG_ENABLE_OBJC_ARC = YES;
				CLANG_WARN_BOOL_CONVERSION = YES;
				CLANG_WARN_CONSTANT_CONVERSION = YES;
				CLANG_WARN_DIRECT_OBJC_ISA_USAGE = YES_ERROR;
				CLANG_WARN_EMPTY_BODY = YES;
				CLANG_WARN_ENUM_CONVERSION = YES;
				CLANG_WARN_INFINITE_RECURSION = YES;
				CLANG_WARN_INT_CONVERSION = YES;
				CLANG_WARN_OBJC_ROOT_CLASS = YES_ERROR;
				CLANG_WARN_SUSPICIOUS_MOVE = YES;
				CLANG_WARN_UNREACHABLE_CODE = YES;
				CLANG_WARN__DUPLICATE_METHOD_MATCH = YES;
				CODE_SIGN_IDENTITY = "-";
				COPY_PHASE_STRIP = NO;
				DEBUG_INFORMATION_FORMAT = dwarf;
				ENABLE_STRICT_OBJC_MSGSEND = YES;
				ENABLE_TESTABILITY = YES;
				GCC_C_LANGUAGE_STANDARD = gnu99;
				GCC_DYNAMIC_NO_PIC = NO;
				GCC_NO_COMMON_BLOCKS = YES;
				GCC_OPTIMIZATION_LEVEL = 0;
				GCC_PREPROCESSOR_DEFINITIONS = (
					"DEBUG=1",
					"$(inherited)",
				);
				GCC_WARN_64_TO_32_BIT_CONVERSION = YES;
				GCC_WARN_ABOUT_RETURN_TYPE = YES_ERROR;
				GCC_WARN_UNDECLARED_SELECTOR = YES;
				GCC_WARN_UNINITIALIZED_AUTOS = YES_AGGRESSIVE;
				GCC_WARN_UNUSED_FUNCTION = YES;
				GCC_WARN_UNUSED_VARIABLE = YES;
				MACOSX_DEPLOYMENT_TARGET = 10.15;
				MTL_ENABLE_DEBUG_INFO = YES;
				ONLY_ACTIVE_ARCH = YES;
				SDKROOT = macosx;
				SWIFT_OPTIMIZATION_LEVEL = "-Onone";
			};
			name = Debug;
		};
		81818AB41D300FC9004A882B /* Release */ = {
			isa = XCBuildConfiguration;
			buildSettings = {
				ALWAYS_SEARCH_USER_PATHS = NO;
				CLANG_ANALYZER_NONNULL = YES;
				CLANG_CXX_LANGUAGE_STANDARD = "gnu++0x";
				CLANG_CXX_LIBRARY = "libc++";
				CLANG_ENABLE_MODULES = YES;
				CLANG_ENABLE_OBJC_ARC = YES;
				CLANG_WARN_BOOL_CONVERSION = YES;
				CLANG_WARN_CONSTANT_CONVERSION = YES;
				CLANG_WARN_DIRECT_OBJC_ISA_USAGE = YES_ERROR;
				CLANG_WARN_EMPTY_BODY = YES;
				CLANG_WARN_ENUM_CONVERSION = YES;
				CLANG_WARN_INFINITE_RECURSION = YES;
				CLANG_WARN_INT_CONVERSION = YES;
				CLANG_WARN_OBJC_ROOT_CLASS = YES_ERROR;
				CLANG_WARN_SUSPICIOUS_MOVE = YES;
				CLANG_WARN_UNREACHABLE_CODE = YES;
				CLANG_WARN__DUPLICATE_METHOD_MATCH = YES;
				CODE_SIGN_IDENTITY = "-";
				COPY_PHASE_STRIP = NO;
				DEBUG_INFORMATION_FORMAT = "dwarf-with-dsym";
				ENABLE_NS_ASSERTIONS = NO;
				ENABLE_STRICT_OBJC_MSGSEND = YES;
				GCC_C_LANGUAGE_STANDARD = gnu99;
				GCC_NO_COMMON_BLOCKS = YES;
				GCC_WARN_64_TO_32_BIT_CONVERSION = YES;
				GCC_WARN_ABOUT_RETURN_TYPE = YES_ERROR;
				GCC_WARN_UNDECLARED_SELECTOR = YES;
				GCC_WARN_UNINITIALIZED_AUTOS = YES_AGGRESSIVE;
				GCC_WARN_UNUSED_FUNCTION = YES;
				GCC_WARN_UNUSED_VARIABLE = YES;
				MACOSX_DEPLOYMENT_TARGET = 10.15;
				MTL_ENABLE_DEBUG_INFO = NO;
				SDKROOT = macosx;
				SWIFT_COMPILATION_MODE = wholemodule;
				SWIFT_OPTIMIZATION_LEVEL = "-O";
			};
			name = Release;
		};
		81818AB61D300FC9004A882B /* Debug */ = {
			isa = XCBuildConfiguration;
			buildSettings = {
				ASSETCATALOG_COMPILER_APPICON_NAME = AppIcon;
				COMBINE_HIDPI_IMAGES = YES;
				INFOPLIST_FILE = DragAndDrop/Info.plist;
				LD_RUNPATH_SEARCH_PATHS = (
					"$(inherited)",
					"@executable_path/../Frameworks",
				);
				PRODUCT_BUNDLE_IDENTIFIER = com.jasonsturges.labs.DragAndDrop;
				PRODUCT_NAME = "$(TARGET_NAME)";
				SWIFT_VERSION = 5.0;
			};
			name = Debug;
		};
		81818AB71D300FC9004A882B /* Release */ = {
			isa = XCBuildConfiguration;
			buildSettings = {
				ASSETCATALOG_COMPILER_APPICON_NAME = AppIcon;
				COMBINE_HIDPI_IMAGES = YES;
				INFOPLIST_FILE = DragAndDrop/Info.plist;
				LD_RUNPATH_SEARCH_PATHS = (
					"$(inherited)",
					"@executable_path/../Frameworks",
				);
				PRODUCT_BUNDLE_IDENTIFIER = com.jasonsturges.labs.DragAndDrop;
				PRODUCT_NAME = "$(TARGET_NAME)";
				SWIFT_VERSION = 5.0;
			};
			name = Release;
		};
/* End XCBuildConfiguration section */

/* Begin XCConfigurationList section */
		81818AA11D300FC9004A882B /* Build configuration list for PBXProject "DragAndDrop" */ = {
			isa = XCConfigurationList;
			buildConfigurations = (
				81818AB31D300FC9004A882B /* Debug */,
				81818AB41D300FC9004A882B /* Release */,
			);
			defaultConfigurationIsVisible = 0;
			defaultConfigurationName = Release;
		};
		81818AB51D300FC9004A882B /* Build configuration list for PBXNativeTarget "DragAndDrop" */ = {
			isa = XCConfigurationList;
			buildConfigurations = (
				81818AB61D300FC9004A882B /* Debug */,
				81818AB71D300FC9004A882B /* Release */,
			);
			defaultConfigurationIsVisible = 0;
			defaultConfigurationName = Release;
		};
/* End XCConfigurationList section */
	};
	rootObject = 81818A9E1D300FC9004A882B /* Project object */;
}
