// !$*UTF8*$!
{
	archiveVersion = 1;
	classes = {
	};
	objectVersion = 46;
	objects = {

/* Begin PBXBuildFile section */
		1E6AEC611BE72E100065E651 /* AppDelegate.swift in Sources */ = {isa = PBXBuildFile; fileRef = 1E6AEC601BE72E100065E651 /* AppDelegate.swift */; };
		1E6AEC631BE72E100065E651 /* GameScene.sks in Resources */ = {isa = PBXBuildFile; fileRef = 1E6AEC621BE72E100065E651 /* GameScene.sks */; };
		1E6AEC651BE72E100065E651 /* GameScene.swift in Sources */ = {isa = PBXBuildFile; fileRef = 1E6AEC641BE72E100065E651 /* GameScene.swift */; };
		1E6AEC671BE72E100065E651 /* GameViewController.swift in Sources */ = {isa = PBXBuildFile; fileRef = 1E6AEC661BE72E100065E651 /* GameViewController.swift */; };
		1E6AEC6A1BE72E100065E651 /* Main.storyboard in Resources */ = {isa = PBXBuildFile; fileRef = 1E6AEC681BE72E100065E651 /* Main.storyboard */; };
		1E6AEC6C1BE72E100065E651 /* Assets.xcassets in Resources */ = {isa = PBXBuildFile; fileRef = 1E6AEC6B1BE72E100065E651 /* Assets.xcassets */; };
		1E6AEC6F1BE72E100065E651 /* LaunchScreen.storyboard in Resources */ = {isa = PBXBuildFile; fileRef = 1E6AEC6D1BE72E100065E651 /* LaunchScreen.storyboard */; };
/* End PBXBuildFile section */

/* Begin PBXFileReference section */
		1E6AEC5D1BE72E100065E651 /* SpriteKitAnimateSprite.app */ = {isa = PBXFileReference; explicitFileType = wrapper.application; includeInIndex = 0; path = SpriteKitAnimateSprite.app; sourceTree = BUILT_PRODUCTS_DIR; };
		1E6AEC601BE72E100065E651 /* AppDelegate.swift */ = {isa = PBXFileReference; lastKnownFileType = sourcecode.swift; path = AppDelegate.swift; sourceTree = "<group>"; };
		1E6AEC621BE72E100065E651 /* GameScene.sks */ = {isa = PBXFileReference; lastKnownFileType = file.sks; path = GameScene.sks; sourceTree = "<group>"; };
		1E6AEC641BE72E100065E651 /* GameScene.swift */ = {isa = PBXFileReference; lastKnownFileType = sourcecode.swift; path = GameScene.swift; sourceTree = "<group>"; };
		1E6AEC661BE72E100065E651 /* GameViewController.swift */ = {isa = PBXFileReference; lastKnownFileType = sourcecode.swift; path = GameViewController.swift; sourceTree = "<group>"; };
		1E6AEC691BE72E100065E651 /* Base */ = {isa = PBXFileReference; lastKnownFileType = file.storyboard; name = Base; path = Base.lproj/Main.storyboard; sourceTree = "<group>"; };
		1E6AEC6B1BE72E100065E651 /* Assets.xcassets */ = {isa = PBXFileReference; lastKnownFileType = folder.assetcatalog; path = Assets.xcassets; sourceTree = "<group>"; };
		1E6AEC6E1BE72E100065E651 /* Base */ = {isa = PBXFileReference; lastKnownFileType = file.storyboard; name = Base; path = Base.lproj/LaunchScreen.storyboard; sourceTree = "<group>"; };
		1E6AEC701BE72E100065E651 /* Info.plist */ = {isa = PBXFileReference; lastKnownFileType = text.plist.xml; path = Info.plist; sourceTree = "<group>"; };
		1E770DEA1BEC73D30024C184 /* README.md */ = {isa = PBXFileReference; fileEncoding = 4; lastKnownFileType = net.daringfireball.markdown; path = README.md; sourceTree = "<group>"; };
/* End PBXFileReference section */

/* Begin PBXFrameworksBuildPhase section */
		1E6AEC5A1BE72E100065E651 /* Frameworks */ = {
			isa = PBXFrameworksBuildPhase;
			buildActionMask = 2147483647;
			files = (
			);
			runOnlyForDeploymentPostprocessing = 0;
		};
/* End PBXFrameworksBuildPhase section */

/* Begin PBXGroup section */
		1E6AEC541BE72E100065E651 = {
			isa = PBXGroup;
			children = (
				1E770DEA1BEC73D30024C184 /* README.md */,
				1E6AEC5F1BE72E100065E651 /* SpriteKitAnimateSprite */,
				1E6AEC5E1BE72E100065E651 /* Products */,
			);
			sourceTree = "<group>";
		};
		1E6AEC5E1BE72E100065E651 /* Products */ = {
			isa = PBXGroup;
			children = (
				1E6AEC5D1BE72E100065E651 /* SpriteKitAnimateSprite.app */,
			);
			name = Products;
			sourceTree = "<group>";
		};
		1E6AEC5F1BE72E100065E651 /* SpriteKitAnimateSprite */ = {
			isa = PBXGroup;
			children = (
				1E6AEC601BE72E100065E651 /* AppDelegate.swift */,
				1E6AEC621BE72E100065E651 /* GameScene.sks */,
				1E6AEC641BE72E100065E651 /* GameScene.swift */,
				1E6AEC661BE72E100065E651 /* GameViewController.swift */,
				1E6AEC681BE72E100065E651 /* Main.storyboard */,
				1E6AEC6B1BE72E100065E651 /* Assets.xcassets */,
				1E6AEC6D1BE72E100065E651 /* LaunchScreen.storyboard */,
				1E6AEC701BE72E100065E651 /* Info.plist */,
			);
			path = SpriteKitAnimateSprite;
			sourceTree = "<group>";
		};
/* End PBXGroup section */

/* Begin PBXNativeTarget section */
		1E6AEC5C1BE72E100065E651 /* SpriteKitAnimateSprite */ = {
			isa = PBXNativeTarget;
			buildConfigurationList = 1E6AEC731BE72E100065E651 /* Build configuration list for PBXNativeTarget "SpriteKitAnimateSprite" */;
			buildPhases = (
				1E6AEC591BE72E100065E651 /* Sources */,
				1E6AEC5A1BE72E100065E651 /* Frameworks */,
				1E6AEC5B1BE72E100065E651 /* Resources */,
			);
			buildRules = (
			);
			dependencies = (
			);
			name = SpriteKitAnimateSprite;
			productName = SpriteKitAnimateSprite;
			productReference = 1E6AEC5D1BE72E100065E651 /* SpriteKitAnimateSprite.app */;
			productType = "com.apple.product-type.application";
		};
/* End PBXNativeTarget section */

/* Begin PBXProject section */
		1E6AEC551BE72E100065E651 /* Project object */ = {
			isa = PBXProject;
			attributes = {
				LastSwiftUpdateCheck = 0710;
				LastUpgradeCheck = 0710;
				ORGANIZATIONNAME = "Jason Sturges";
				TargetAttributes = {
					1E6AEC5C1BE72E100065E651 = {
						CreatedOnToolsVersion = 7.1;
						DevelopmentTeam = W5U58WCN7R;
					};
				};
			};
			buildConfigurationList = 1E6AEC581BE72E100065E651 /* Build configuration list for PBXProject "SpriteKitAnimateSprite" */;
			compatibilityVersion = "Xcode 3.2";
			developmentRegion = English;
			hasScannedForEncodings = 0;
			knownRegions = (
				en,
				Base,
			);
			mainGroup = 1E6AEC541BE72E100065E651;
			productRefGroup = 1E6AEC5E1BE72E100065E651 /* Products */;
			projectDirPath = "";
			projectRoot = "";
			targets = (
				1E6AEC5C1BE72E100065E651 /* SpriteKitAnimateSprite */,
			);
		};
/* End PBXProject section */

/* Begin PBXResourcesBuildPhase section */
		1E6AEC5B1BE72E100065E651 /* Resources */ = {
			isa = PBXResourcesBuildPhase;
			buildActionMask = 2147483647;
			files = (
				1E6AEC631BE72E100065E651 /* GameScene.sks in Resources */,
				1E6AEC6F1BE72E100065E651 /* LaunchScreen.storyboard in Resources */,
				1E6AEC6C1BE72E100065E651 /* Assets.xcassets in Resources */,
				1E6AEC6A1BE72E100065E651 /* Main.storyboard in Resources */,
			);
			runOnlyForDeploymentPostprocessing = 0;
		};
/* End PBXResourcesBuildPhase section */

/* Begin PBXSourcesBuildPhase section */
		1E6AEC591BE72E100065E651 /* Sources */ = {
			isa = PBXSourcesBuildPhase;
			buildActionMask = 2147483647;
			files = (
				1E6AEC651BE72E100065E651 /* GameScene.swift in Sources */,
				1E6AEC671BE72E100065E651 /* GameViewController.swift in Sources */,
				1E6AEC611BE72E100065E651 /* AppDelegate.swift in Sources */,
			);
			runOnlyForDeploymentPostprocessing = 0;
		};
/* End PBXSourcesBuildPhase section */

/* Begin PBXVariantGroup section */
		1E6AEC681BE72E100065E651 /* Main.storyboard */ = {
			isa = PBXVariantGroup;
			children = (
				1E6AEC691BE72E100065E651 /* Base */,
			);
			name = Main.storyboard;
			sourceTree = "<group>";
		};
		1E6AEC6D1BE72E100065E651 /* LaunchScreen.storyboard */ = {
			isa = PBXVariantGroup;
			children = (
				1E6AEC6E1BE72E100065E651 /* Base */,
			);
			name = LaunchScreen.storyboard;
			sourceTree = "<group>";
		};
/* End PBXVariantGroup section */

/* Begin XCBuildConfiguration section */
		1E6AEC711BE72E100065E651 /* Debug */ = {
			isa = XCBuildConfiguration;
			buildSettings = {
				ALWAYS_SEARCH_USER_PATHS = NO;
				CLANG_CXX_LANGUAGE_STANDARD = "gnu++0x";
				CLANG_CXX_LIBRARY = "libc++";
				CLANG_ENABLE_MODULES = YES;
				CLANG_ENABLE_OBJC_ARC = YES;
				CLANG_WARN_BOOL_CONVERSION = YES;
				CLANG_WARN_CONSTANT_CONVERSION = YES;
				CLANG_WARN_DIRECT_OBJC_ISA_USAGE = YES_ERROR;
				CLANG_WARN_EMPTY_BODY = YES;
				CLANG_WARN_ENUM_CONVERSION = YES;
				CLANG_WARN_INT_CONVERSION = YES;
				CLANG_WARN_OBJC_ROOT_CLASS = YES_ERROR;
				CLANG_WARN_UNREACHABLE_CODE = YES;
				CLANG_WARN__DUPLICATE_METHOD_MATCH = YES;
				"CODE_SIGN_IDENTITY[sdk=iphoneos*]" = "iPhone Developer";
				COPY_PHASE_STRIP = NO;
				DEBUG_INFORMATION_FORMAT = "dwarf-with-dsym";
				ENABLE_STRICT_OBJC_MSGSEND = YES;
				ENABLE_TESTABILITY = YES;
				GCC_C_LANGUAGE_STANDARD = gnu99;
				GCC_DYNAMIC_NO_PIC = NO;
				GCC_NO_COMMON_BLOCKS = YES;
				GCC_OPTIMIZATION_LEVEL = 0;
				GCC_PREPROCESSOR_DEFINITIONS = (
					"DEBUG=1",
					"$(inherited)",
				);
				GCC_WARN_64_TO_32_BIT_CONVERSION = YES;
				GCC_WARN_ABOUT_RETURN_TYPE = YES_ERROR;
				GCC_WARN_UNDECLARED_SELECTOR = YES;
				GCC_WARN_UNINITIALIZED_AUTOS = YES_AGGRESSIVE;
				GCC_WARN_UNUSED_FUNCTION = YES;
				GCC_WARN_UNUSED_VARIABLE = YES;
				IPHONEOS_DEPLOYMENT_TARGET = 9.1;
				MTL_ENABLE_DEBUG_INFO = YES;
				ONLY_ACTIVE_ARCH = YES;
				SDKROOT = iphoneos;
				SWIFT_OPTIMIZATION_LEVEL = "-Onone";
				TARGETED_DEVICE_FAMILY = "1,2";
			};
			name = Debug;
		};
		1E6AEC721BE72E100065E651 /* Release */ = {
			isa = XCBuildConfiguration;
			buildSettings = {
				ALWAYS_SEARCH_USER_PATHS = NO;
				CLANG_CXX_LANGUAGE_STANDARD = "gnu++0x";
				CLANG_CXX_LIBRARY = "libc++";
				CLANG_ENABLE_MODULES = YES;
				CLANG_ENABLE_OBJC_ARC = YES;
				CLANG_WARN_BOOL_CONVERSION = YES;
				CLANG_WARN_CONSTANT_CONVERSION = YES;
				CLANG_WARN_DIRECT_OBJC_ISA_USAGE = YES_ERROR;
				CLANG_WARN_EMPTY_BODY = YES;
				CLANG_WARN_ENUM_CONVERSION = YES;
				CLANG_WARN_INT_CONVERSION = YES;
				CLANG_WARN_OBJC_ROOT_CLASS = YES_ERROR;
				CLANG_WARN_UNREACHABLE_CODE = YES;
				CLANG_WARN__DUPLICATE_METHOD_MATCH = YES;
				"CODE_SIGN_IDENTITY[sdk=iphoneos*]" = "iPhone Developer";
				COPY_PHASE_STRIP = NO;
				DEBUG_INFORMATION_FORMAT = "dwarf-with-dsym";
				ENABLE_NS_ASSERTIONS = NO;
				ENABLE_STRICT_OBJC_MSGSEND = YES;
				GCC_C_LANGUAGE_STANDARD = gnu99;
				GCC_NO_COMMON_BLOCKS = YES;
				GCC_WARN_64_TO_32_BIT_CONVERSION = YES;
				GCC_WARN_ABOUT_RETURN_TYPE = YES_ERROR;
				GCC_WARN_UNDECLARED_SELECTOR = YES;
				GCC_WARN_UNINITIALIZED_AUTOS = YES_AGGRESSIVE;
				GCC_WARN_UNUSED_FUNCTION = YES;
				GCC_WARN_UNUSED_VARIABLE = YES;
				IPHONEOS_DEPLOYMENT_TARGET = 9.1;
				MTL_ENABLE_DEBUG_INFO = NO;
				SDKROOT = iphoneos;
				TARGETED_DEVICE_FAMILY = "1,2";
				VALIDATE_PRODUCT = YES;
			};
			name = Release;
		};
		1E6AEC741BE72E100065E651 /* Debug */ = {
			isa = XCBuildConfiguration;
			buildSettings = {
				ASSETCATALOG_COMPILER_APPICON_NAME = AppIcon;
				INFOPLIST_FILE = SpriteKitAnimateSprite/Info.plist;
				LD_RUNPATH_SEARCH_PATHS = "$(inherited) @executable_path/Frameworks";
				PRODUCT_BUNDLE_IDENTIFIER = com.jasonsturges.labs.SpriteKitAnimateSprite;
				PRODUCT_NAME = "$(TARGET_NAME)";
			};
			name = Debug;
		};
		1E6AEC751BE72E100065E651 /* Release */ = {
			isa = XCBuildConfiguration;
			buildSettings = {
				ASSETCATALOG_COMPILER_APPICON_NAME = AppIcon;
				INFOPLIST_FILE = SpriteKitAnimateSprite/Info.plist;
				LD_RUNPATH_SEARCH_PATHS = "$(inherited) @executable_path/Frameworks";
				PRODUCT_BUNDLE_IDENTIFIER = com.jasonsturges.labs.SpriteKitAnimateSprite;
				PRODUCT_NAME = "$(TARGET_NAME)";
			};
			name = Release;
		};
/* End XCBuildConfiguration section */

/* Begin XCConfigurationList section */
		1E6AEC581BE72E100065E651 /* Build configuration list for PBXProject "SpriteKitAnimateSprite" */ = {
			isa = XCConfigurationList;
			buildConfigurations = (
				1E6AEC711BE72E100065E651 /* Debug */,
				1E6AEC721BE72E100065E651 /* Release */,
			);
			defaultConfigurationIsVisible = 0;
			defaultConfigurationName = Release;
		};
		1E6AEC731BE72E100065E651 /* Build configuration list for PBXNativeTarget "SpriteKitAnimateSprite" */ = {
			isa = XCConfigurationList;
			buildConfigurations = (
				1E6AEC741BE72E100065E651 /* Debug */,
				1E6AEC751BE72E100065E651 /* Release */,
			);
			defaultConfigurationIsVisible = 0;
			defaultConfigurationName = Release;
		};
/* End XCConfigurationList section */
	};
	rootObject = 1E6AEC551BE72E100065E651 /* Project object */;
}
